
Microsoft Visual Studio Solution File, Format Version 12.00
# Visual Studio Version 16
VisualStudioVersion = 16.0.31112.23
MinimumVisualStudioVersion = 10.0.40219.1
Project("{9A19103F-16F7-4668-BE54-9A1E7A4F7556}") = "RabbitMQDev.Producer", "RabbitMQDev.Producer\RabbitMQDev.Producer.csproj", "{4723B1C6-0E9E-4D2E-B633-D895CE33CB25}"
EndProject
Project("{FAE04EC0-301F-11D3-BF4B-00C04F79EFBC}") = "RabbitMQDev.Consumer", "RabbitMQDev.Consumer\RabbitMQDev.Consumer.csproj", "{DB455234-39F6-4748-B49B-8DFDB8488901}"
EndProject
Global
	GlobalSection(SolutionConfigurationPlatforms) = preSolution
		Debug|Any CPU = Debug|Any CPU
		Release|Any CPU = Release|Any CPU
	EndGlobalSection
	GlobalSection(ProjectConfigurationPlatforms) = postSolution
		{4723B1C6-0E9E-4D2E-B633-D895CE33CB25}.Debug|Any CPU.ActiveCfg = Debug|Any CPU
		{4723B1C6-0E9E-4D2E-B633-D895CE33CB25}.Debug|Any CPU.Build.0 = Debug|Any CPU
		{4723B1C6-0E9E-4D2E-B633-D895CE33CB25}.Release|Any CPU.ActiveCfg = Release|Any CPU
		{4723B1C6-0E9E-4D2E-B633-D895CE33CB25}.Release|Any CPU.Build.0 = Release|Any CPU
		{DB455234-39F6-4748-B49B-8DFDB8488901}.Debug|Any CPU.ActiveCfg = Debug|Any CPU
		{DB455234-39F6-4748-B49B-8DFDB8488901}.Debug|Any CPU.Build.0 = Debug|Any CPU
		{DB455234-39F6-4748-B49B-8DFDB8488901}.Release|Any CPU.ActiveCfg = Release|Any CPU
		{DB455234-39F6-4748-B49B-8DFDB8488901}.Release|Any CPU.Build.0 = Release|Any CPU
	EndGlobalSection
	GlobalSection(SolutionProperties) = preSolution
		HideSolutionNode = FALSE
	EndGlobalSection
	GlobalSection(ExtensibilityGlobals) = postSolution
		SolutionGuid = {4700B05D-CCC6-41E7-B674-70344118D8A9}
	EndGlobalSection
EndGlobal
